
Microsoft Visual Studio Solution File, Format Version 12.00
# Visual Studio Version 17
VisualStudioVersion = 17.10.34928.147
MinimumVisualStudioVersion = 10.0.40219.1
Project("{9A19103F-16F7-4668-BE54-9A1E7A4F7556}") = "FaceSharp", "FaceSharp\FaceSharp.csproj", "{69DB8990-DE6E-4693-B8D3-A10EBFFDBA94}"
EndProject
Project("{2150E333-8FDC-42A3-9474-1A3956D46DE8}") = "Solution Items", "Solution Items", "{6DFFCADE-B1BF-4441-8772-A0C6B79C9FCE}"
	ProjectSection(SolutionItems) = preProject
		Readme.md = Readme.md
	EndProjectSection
EndProject
Global
	GlobalSection(SolutionConfigurationPlatforms) = preSolution
		Debug|Any CPU = Debug|Any CPU
		Release|Any CPU = Release|Any CPU
	EndGlobalSection
	GlobalSection(ProjectConfigurationPlatforms) = postSolution
		{69DB8990-DE6E-4693-B8D3-A10EBFFDBA94}.Debug|Any CPU.ActiveCfg = Debug|Any CPU
		{69DB8990-DE6E-4693-B8D3-A10EBFFDBA94}.Debug|Any CPU.Build.0 = Debug|Any CPU
		{69DB8990-DE6E-4693-B8D3-A10EBFFDBA94}.Release|Any CPU.ActiveCfg = Release|Any CPU
		{69DB8990-DE6E-4693-B8D3-A10EBFFDBA94}.Release|Any CPU.Build.0 = Release|Any CPU
	EndGlobalSection
	GlobalSection(SolutionProperties) = preSolution
		HideSolutionNode = FALSE
	EndGlobalSection
	GlobalSection(ExtensibilityGlobals) = postSolution
		SolutionGuid = {92BE3D2C-887C-4F98-A78F-318D38602EAF}
	EndGlobalSection
EndGlobal
